
Microsoft Visual Studio Solution File, Format Version 12.00
# Visual Studio Version 17
VisualStudioVersion = 17.14.36408.4 d17.14
MinimumVisualStudioVersion = 10.0.40219.1
Project("{FAE04EC0-301F-11D3-BF4B-00C04F79EFBC}") = "BookOfClubs.Domain", "BookOfClubs.Domain\BookOfClubs.Domain.csproj", "{99484FA6-F7EF-4644-870D-7FEDFF01D268}"
EndProject
Project("{FAE04EC0-301F-11D3-BF4B-00C04F79EFBC}") = "BookOfClubs.Application", "BookOfClubs.Application\BookOfClubs.Application.csproj", "{7E92032E-609B-4151-A5B7-B7CC52F835A9}"
EndProject
Project("{FAE04EC0-301F-11D3-BF4B-00C04F79EFBC}") = "BookOfClubs.Infrastructure", "BookOfClubs.Infrastructure\BookOfClubs.Infrastructure.csproj", "{9C227E2E-AA5A-4D4F-8598-7572B4467252}"
EndProject
Project("{FAE04EC0-301F-11D3-BF4B-00C04F79EFBC}") = "BookOfClubs.Api", "BookOfClubs.Api\BookOfClubs.Api.csproj", "{5835062E-BDC1-4730-945E-C04F4D183ACB}"
EndProject
Project("{FAE04EC0-301F-11D3-BF4B-00C04F79EFBC}") = "BookOfClubs.Contracts", "BookOfClubs.Contracts\BookOfClubs.Contracts.csproj", "{963BD291-F326-4072-B0B5-2A3F2D8FA074}"
EndProject
Global
	GlobalSection(SolutionConfigurationPlatforms) = preSolution
		Debug|Any CPU = Debug|Any CPU
		Release|Any CPU = Release|Any CPU
	EndGlobalSection
	GlobalSection(ProjectConfigurationPlatforms) = postSolution
		{99484FA6-F7EF-4644-870D-7FEDFF01D268}.Debug|Any CPU.ActiveCfg = Debug|Any CPU
		{99484FA6-F7EF-4644-870D-7FEDFF01D268}.Debug|Any CPU.Build.0 = Debug|Any CPU
		{99484FA6-F7EF-4644-870D-7FEDFF01D268}.Release|Any CPU.ActiveCfg = Release|Any CPU
		{99484FA6-F7EF-4644-870D-7FEDFF01D268}.Release|Any CPU.Build.0 = Release|Any CPU
		{7E92032E-609B-4151-A5B7-B7CC52F835A9}.Debug|Any CPU.ActiveCfg = Debug|Any CPU
		{7E92032E-609B-4151-A5B7-B7CC52F835A9}.Debug|Any CPU.Build.0 = Debug|Any CPU
		{7E92032E-609B-4151-A5B7-B7CC52F835A9}.Release|Any CPU.ActiveCfg = Release|Any CPU
		{7E92032E-609B-4151-A5B7-B7CC52F835A9}.Release|Any CPU.Build.0 = Release|Any CPU
		{9C227E2E-AA5A-4D4F-8598-7572B4467252}.Debug|Any CPU.ActiveCfg = Debug|Any CPU
		{9C227E2E-AA5A-4D4F-8598-7572B4467252}.Debug|Any CPU.Build.0 = Debug|Any CPU
		{9C227E2E-AA5A-4D4F-8598-7572B4467252}.Release|Any CPU.ActiveCfg = Release|Any CPU
		{9C227E2E-AA5A-4D4F-8598-7572B4467252}.Release|Any CPU.Build.0 = Release|Any CPU
		{5835062E-BDC1-4730-945E-C04F4D183ACB}.Debug|Any CPU.ActiveCfg = Debug|Any CPU
		{5835062E-BDC1-4730-945E-C04F4D183ACB}.Debug|Any CPU.Build.0 = Debug|Any CPU
		{5835062E-BDC1-4730-945E-C04F4D183ACB}.Release|Any CPU.ActiveCfg = Release|Any CPU
		{5835062E-BDC1-4730-945E-C04F4D183ACB}.Release|Any CPU.Build.0 = Release|Any CPU
		{963BD291-F326-4072-B0B5-2A3F2D8FA074}.Debug|Any CPU.ActiveCfg = Debug|Any CPU
		{963BD291-F326-4072-B0B5-2A3F2D8FA074}.Debug|Any CPU.Build.0 = Debug|Any CPU
		{963BD291-F326-4072-B0B5-2A3F2D8FA074}.Release|Any CPU.ActiveCfg = Release|Any CPU
		{963BD291-F326-4072-B0B5-2A3F2D8FA074}.Release|Any CPU.Build.0 = Release|Any CPU
	EndGlobalSection
	GlobalSection(SolutionProperties) = preSolution
		HideSolutionNode = FALSE
	EndGlobalSection
	GlobalSection(ExtensibilityGlobals) = postSolution
		SolutionGuid = {4AE1FEC8-CF0F-463F-8A5C-7F56F9096A34}
	EndGlobalSection
EndGlobal
